
Microsoft Visual Studio Solution File, Format Version 12.00
# Visual Studio Version 16
VisualStudioVersion = 16.0.31515.178
MinimumVisualStudioVersion = 10.0.40219.1
Project("{FAE04EC0-301F-11D3-BF4B-00C04F79EFBC}") = "TGBot", "TGBot\TGBot.csproj", "{32950CBE-5AB3-4F8D-9B72-0C2BCD4E8B79}"
EndProject
Project("{FAE04EC0-301F-11D3-BF4B-00C04F79EFBC}") = "TGBot.Domain", "TGBot.Domain\TGBot.Domain.csproj", "{EC58B61E-88D0-4573-AC91-0977570B8AED}"
EndProject
Project("{FAE04EC0-301F-11D3-BF4B-00C04F79EFBC}") = "TGBot.DataAccess", "TGBot.DataAccess\TGBot.DataAccess.csproj", "{78EB47D2-C098-4034-B5BC-09150692556C}"
EndProject
Project("{FAE04EC0-301F-11D3-BF4B-00C04F79EFBC}") = "TGBot.Migrations", "TGBot.Migrations\TGBot.Migrations.csproj", "{BD757D7F-25A0-4B52-8F0F-BDCF09B78B25}"
EndProject
Project("{FAE04EC0-301F-11D3-BF4B-00C04F79EFBC}") = "TGBot.Infrastructure", "TGBot.Infrastructure\TGBot.Infrastructure.csproj", "{2A7BDBB3-83D8-4997-BF08-904C7897AD1E}"
EndProject
Global
	GlobalSection(SolutionConfigurationPlatforms) = preSolution
		Debug|Any CPU = Debug|Any CPU
		Release|Any CPU = Release|Any CPU
	EndGlobalSection
	GlobalSection(ProjectConfigurationPlatforms) = postSolution
		{32950CBE-5AB3-4F8D-9B72-0C2BCD4E8B79}.Debug|Any CPU.ActiveCfg = Debug|Any CPU
		{32950CBE-5AB3-4F8D-9B72-0C2BCD4E8B79}.Debug|Any CPU.Build.0 = Debug|Any CPU
		{32950CBE-5AB3-4F8D-9B72-0C2BCD4E8B79}.Release|Any CPU.ActiveCfg = Release|Any CPU
		{32950CBE-5AB3-4F8D-9B72-0C2BCD4E8B79}.Release|Any CPU.Build.0 = Release|Any CPU
		{EC58B61E-88D0-4573-AC91-0977570B8AED}.Debug|Any CPU.ActiveCfg = Debug|Any CPU
		{EC58B61E-88D0-4573-AC91-0977570B8AED}.Debug|Any CPU.Build.0 = Debug|Any CPU
		{EC58B61E-88D0-4573-AC91-0977570B8AED}.Release|Any CPU.ActiveCfg = Release|Any CPU
		{EC58B61E-88D0-4573-AC91-0977570B8AED}.Release|Any CPU.Build.0 = Release|Any CPU
		{78EB47D2-C098-4034-B5BC-09150692556C}.Debug|Any CPU.ActiveCfg = Debug|Any CPU
		{78EB47D2-C098-4034-B5BC-09150692556C}.Debug|Any CPU.Build.0 = Debug|Any CPU
		{78EB47D2-C098-4034-B5BC-09150692556C}.Release|Any CPU.ActiveCfg = Release|Any CPU
		{78EB47D2-C098-4034-B5BC-09150692556C}.Release|Any CPU.Build.0 = Release|Any CPU
		{BD757D7F-25A0-4B52-8F0F-BDCF09B78B25}.Debug|Any CPU.ActiveCfg = Debug|Any CPU
		{BD757D7F-25A0-4B52-8F0F-BDCF09B78B25}.Debug|Any CPU.Build.0 = Debug|Any CPU
		{BD757D7F-25A0-4B52-8F0F-BDCF09B78B25}.Release|Any CPU.ActiveCfg = Release|Any CPU
		{BD757D7F-25A0-4B52-8F0F-BDCF09B78B25}.Release|Any CPU.Build.0 = Release|Any CPU
		{2A7BDBB3-83D8-4997-BF08-904C7897AD1E}.Debug|Any CPU.ActiveCfg = Debug|Any CPU
		{2A7BDBB3-83D8-4997-BF08-904C7897AD1E}.Debug|Any CPU.Build.0 = Debug|Any CPU
		{2A7BDBB3-83D8-4997-BF08-904C7897AD1E}.Release|Any CPU.ActiveCfg = Release|Any CPU
		{2A7BDBB3-83D8-4997-BF08-904C7897AD1E}.Release|Any CPU.Build.0 = Release|Any CPU
	EndGlobalSection
	GlobalSection(SolutionProperties) = preSolution
		HideSolutionNode = FALSE
	EndGlobalSection
	GlobalSection(ExtensibilityGlobals) = postSolution
		SolutionGuid = {1AC245A3-E772-4ACD-BFCA-B04017031D36}
	EndGlobalSection
EndGlobal
